
Microsoft Visual Studio Solution File, Format Version 12.00
# Visual Studio 14
VisualStudioVersion = 14.0.25420.1
MinimumVisualStudioVersion = 10.0.40219.1
Project("{FAE04EC0-301F-11D3-BF4B-00C04F79EFBC}") = "DCSoft.Demo.Api", "DCSoft.Demo.Api\DCSoft.Demo.Api.csproj", "{04BA96B8-50C4-46CF-97B0-4D85559E0A20}"
EndProject
Project("{FAE04EC0-301F-11D3-BF4B-00C04F79EFBC}") = "DCSoft.Demo.Model", "DCSoft.Demo.Model\DCSoft.Demo.Model.csproj", "{2E9A36B0-5701-48D9-87A1-CD846FA5AB77}"
EndProject
Project("{FAE04EC0-301F-11D3-BF4B-00C04F79EFBC}") = "DCSoft.Demo.DAL", "DCSoft.Demo.DAL\DCSoft.Demo.DAL.csproj", "{E81C2610-2AE9-4DC8-B18A-F1697AD43EB3}"
EndProject
Global
	GlobalSection(SolutionConfigurationPlatforms) = preSolution
		Debug|Any CPU = Debug|Any CPU
		Release|Any CPU = Release|Any CPU
	EndGlobalSection
	GlobalSection(ProjectConfigurationPlatforms) = postSolution
		{04BA96B8-50C4-46CF-97B0-4D85559E0A20}.Debug|Any CPU.ActiveCfg = Debug|Any CPU
		{04BA96B8-50C4-46CF-97B0-4D85559E0A20}.Debug|Any CPU.Build.0 = Debug|Any CPU
		{04BA96B8-50C4-46CF-97B0-4D85559E0A20}.Release|Any CPU.ActiveCfg = Release|Any CPU
		{04BA96B8-50C4-46CF-97B0-4D85559E0A20}.Release|Any CPU.Build.0 = Release|Any CPU
		{2E9A36B0-5701-48D9-87A1-CD846FA5AB77}.Debug|Any CPU.ActiveCfg = Debug|Any CPU
		{2E9A36B0-5701-48D9-87A1-CD846FA5AB77}.Debug|Any CPU.Build.0 = Debug|Any CPU
		{2E9A36B0-5701-48D9-87A1-CD846FA5AB77}.Release|Any CPU.ActiveCfg = Release|Any CPU
		{2E9A36B0-5701-48D9-87A1-CD846FA5AB77}.Release|Any CPU.Build.0 = Release|Any CPU
		{E81C2610-2AE9-4DC8-B18A-F1697AD43EB3}.Debug|Any CPU.ActiveCfg = Debug|Any CPU
		{E81C2610-2AE9-4DC8-B18A-F1697AD43EB3}.Debug|Any CPU.Build.0 = Debug|Any CPU
		{E81C2610-2AE9-4DC8-B18A-F1697AD43EB3}.Release|Any CPU.ActiveCfg = Release|Any CPU
		{E81C2610-2AE9-4DC8-B18A-F1697AD43EB3}.Release|Any CPU.Build.0 = Release|Any CPU
	EndGlobalSection
	GlobalSection(SolutionProperties) = preSolution
		HideSolutionNode = FALSE
	EndGlobalSection
EndGlobal
